
Microsoft Visual Studio Solution File, Format Version 12.00
# Visual Studio Version 17
VisualStudioVersion = 17.9.34723.18
MinimumVisualStudioVersion = 10.0.40219.1
Project("{FAE04EC0-301F-11D3-BF4B-00C04F79EFBC}") = "TaskManager.Application", "TaskManager.Application\TaskManager.Application.csproj", "{A78CE9C4-35F7-442B-A347-641BC00C605E}"
EndProject
Project("{FAE04EC0-301F-11D3-BF4B-00C04F79EFBC}") = "TaskManager.Communication", "TaskManager.Communication\TaskManager.Communication.csproj", "{B1532610-E051-493C-8306-8626E6A98EC8}"
EndProject
Project("{FAE04EC0-301F-11D3-BF4B-00C04F79EFBC}") = "TaskManager.API", "TaskManager.API\TaskManager.API.csproj", "{FDE265E5-BB74-4F79-B8A4-4390FE11F369}"
EndProject
Global
	GlobalSection(SolutionConfigurationPlatforms) = preSolution
		Debug|Any CPU = Debug|Any CPU
		Release|Any CPU = Release|Any CPU
	EndGlobalSection
	GlobalSection(ProjectConfigurationPlatforms) = postSolution
		{A78CE9C4-35F7-442B-A347-641BC00C605E}.Debug|Any CPU.ActiveCfg = Debug|Any CPU
		{A78CE9C4-35F7-442B-A347-641BC00C605E}.Debug|Any CPU.Build.0 = Debug|Any CPU
		{A78CE9C4-35F7-442B-A347-641BC00C605E}.Release|Any CPU.ActiveCfg = Release|Any CPU
		{A78CE9C4-35F7-442B-A347-641BC00C605E}.Release|Any CPU.Build.0 = Release|Any CPU
		{B1532610-E051-493C-8306-8626E6A98EC8}.Debug|Any CPU.ActiveCfg = Debug|Any CPU
		{B1532610-E051-493C-8306-8626E6A98EC8}.Debug|Any CPU.Build.0 = Debug|Any CPU
		{B1532610-E051-493C-8306-8626E6A98EC8}.Release|Any CPU.ActiveCfg = Release|Any CPU
		{B1532610-E051-493C-8306-8626E6A98EC8}.Release|Any CPU.Build.0 = Release|Any CPU
		{FDE265E5-BB74-4F79-B8A4-4390FE11F369}.Debug|Any CPU.ActiveCfg = Debug|Any CPU
		{FDE265E5-BB74-4F79-B8A4-4390FE11F369}.Debug|Any CPU.Build.0 = Debug|Any CPU
		{FDE265E5-BB74-4F79-B8A4-4390FE11F369}.Release|Any CPU.ActiveCfg = Release|Any CPU
		{FDE265E5-BB74-4F79-B8A4-4390FE11F369}.Release|Any CPU.Build.0 = Release|Any CPU
	EndGlobalSection
	GlobalSection(SolutionProperties) = preSolution
		HideSolutionNode = FALSE
	EndGlobalSection
	GlobalSection(ExtensibilityGlobals) = postSolution
		SolutionGuid = {BFB1D5A7-9232-4148-BF2B-68C059756055}
	EndGlobalSection
EndGlobal
